
Microsoft Visual Studio Solution File, Format Version 12.00
# Visual Studio Version 16
VisualStudioVersion = 16.0.28822.285
MinimumVisualStudioVersion = 10.0.40219.1
Project("{FAE04EC0-301F-11D3-BF4B-00C04F79EFBC}") = "Pastr", "Pastr\Pastr.csproj", "{176A5420-6754-4867-BCD6-21C1476DBAFE}"
EndProject
Global
	GlobalSection(SolutionConfigurationPlatforms) = preSolution
		Debug|Any CPU = Debug|Any CPU
		Release|Any CPU = Release|Any CPU
	EndGlobalSection
	GlobalSection(ProjectConfigurationPlatforms) = postSolution
		{176A5420-6754-4867-BCD6-21C1476DBAFE}.Debug|Any CPU.ActiveCfg = Debug|Any CPU
		{176A5420-6754-4867-BCD6-21C1476DBAFE}.Debug|Any CPU.Build.0 = Debug|Any CPU
		{176A5420-6754-4867-BCD6-21C1476DBAFE}.Release|Any CPU.ActiveCfg = Release|Any CPU
		{176A5420-6754-4867-BCD6-21C1476DBAFE}.Release|Any CPU.Build.0 = Release|Any CPU
	EndGlobalSection
	GlobalSection(SolutionProperties) = preSolution
		HideSolutionNode = FALSE
	EndGlobalSection
	GlobalSection(ExtensibilityGlobals) = postSolution
		SolutionGuid = {15A2AA41-DAE7-4A65-98AB-FB7C579F6A0A}
	EndGlobalSection
EndGlobal
